{
  "version": 4,
  "terraform_version": "1.3.6",
  "serial": 20,
  "lineage": "d43e8212-79ea-31e5-acb6-2302f9973c3c",
  "outputs": {},
  "resources": [
    {
      "mode": "managed",
      "type": "local_file",
      "name": "count",
      "provider": "provider[\"registry.terraform.io/hashicorp/local\"]",
      "instances": [
        {
          "index_key": 0,
          "schema_version": 0,
          "attributes": {
            "content": "one is a cool number!",
            "content_base64": null,
            "directory_permission": "0777",
            "file_permission": "0777",
            "filename": "./one-count.txt",
            "id": "ba87d73d9f5cb0ebee1d4b37c667335fb6d8fa6e",
            "sensitive_content": null,
            "source": null
          },
          "sensitive_attributes": [],
          "private": "bnVsbA=="
        },
        {
          "index_key": 1,
          "schema_version": 0,
          "attributes": {
            "content": "two is a cool number!",
            "content_base64": null,
            "directory_permission": "0777",
            "file_permission": "0777",
            "filename": "./two-count.txt",
            "id": "e721181723333f788be404fb8159746b6a33ebd8",
            "sensitive_content": null,
            "source": null
          },
          "sensitive_attributes": [],
          "private": "bnVsbA=="
        },
        {
          "index_key": 2,
          "schema_version": 0,
          "attributes": {
            "content": "three is a cool number!",
            "content_base64": null,
            "directory_permission": "0777",
            "file_permission": "0777",
            "filename": "./three-count.txt",
            "id": "37bc49a4242eba98e8938416c820e8a37720afa1",
            "sensitive_content": null,
            "source": null
          },
          "sensitive_attributes": [],
          "private": "bnVsbA=="
        }
      ]
    },
    {
      "mode": "managed",
      "type": "local_file",
      "name": "for_each",
      "provider": "provider[\"registry.terraform.io/hashicorp/local\"]",
      "instances": [
        {
          "index_key": "one",
          "schema_version": 0,
          "attributes": {
            "content": "one is an awesome number!F",
            "content_base64": null,
            "directory_permission": "0777",
            "file_permission": "0777",
            "filename": "./one-foreach.txt",
            "id": "3c4f8bd4b1802e2f06c1db99449d4a8a47a76060",
            "sensitive_content": null,
            "source": null
          },
          "sensitive_attributes": [],
          "private": "bnVsbA=="
        },
        {
          "index_key": "three",
          "schema_version": 0,
          "attributes": {
            "content": "three is an awesome number!F",
            "content_base64": null,
            "directory_permission": "0777",
            "file_permission": "0777",
            "filename": "./three-foreach.txt",
            "id": "8f81b782f0964070aa9bde92b2c085a2f1bc0419",
            "sensitive_content": null,
            "source": null
          },
          "sensitive_attributes": [],
          "private": "bnVsbA=="
        },
        {
          "index_key": "two",
          "schema_version": 0,
          "attributes": {
            "content": "two is an awesome number!F",
            "content_base64": null,
            "directory_permission": "0777",
            "file_permission": "0777",
            "filename": "./two-foreach.txt",
            "id": "2719302059ef4a05c6cf0e7fa4b252e6c61307ee",
            "sensitive_content": null,
            "source": null
          },
          "sensitive_attributes": [],
          "private": "bnVsbA=="
        }
      ]
    }
  ],
  "check_results": null
}
